
Microsoft Visual Studio Solution File, Format Version 12.00
# Visual Studio Version 17
VisualStudioVersion = 17.13.35919.96
MinimumVisualStudioVersion = 10.0.40219.1
Project("{FAE04EC0-301F-11D3-BF4B-00C04F79EFBC}") = "PlanerPutovanja", "PlanerPutovanja\PlanerPutovanja.csproj", "{3B30C58C-947F-4581-A54C-15BEF76328C8}"
EndProject
Global
	GlobalSection(SolutionConfigurationPlatforms) = preSolution
		Debug|Any CPU = Debug|Any CPU
		Release|Any CPU = Release|Any CPU
	EndGlobalSection
	GlobalSection(ProjectConfigurationPlatforms) = postSolution
		{3B30C58C-947F-4581-A54C-15BEF76328C8}.Debug|Any CPU.ActiveCfg = Debug|Any CPU
		{3B30C58C-947F-4581-A54C-15BEF76328C8}.Debug|Any CPU.Build.0 = Debug|Any CPU
		{3B30C58C-947F-4581-A54C-15BEF76328C8}.Release|Any CPU.ActiveCfg = Release|Any CPU
		{3B30C58C-947F-4581-A54C-15BEF76328C8}.Release|Any CPU.Build.0 = Release|Any CPU
	EndGlobalSection
	GlobalSection(SolutionProperties) = preSolution
		HideSolutionNode = FALSE
	EndGlobalSection
	GlobalSection(ExtensibilityGlobals) = postSolution
		SolutionGuid = {A6AD50BE-C6EF-47AC-8514-FB78BCECD681}
	EndGlobalSection
EndGlobal
